
Microsoft Visual Studio Solution File, Format Version 12.00
# Visual Studio Version 17
VisualStudioVersion = 17.7.34221.43
MinimumVisualStudioVersion = 10.0.40219.1
Project("{FAE04EC0-301F-11D3-BF4B-00C04F79EFBC}") = "WindowsForms", "WindowsFormsApp1\WindowsForms.csproj", "{FE5BEB85-6D1E-4ABC-8DA9-417FCBD46112}"
EndProject
Global
	GlobalSection(SolutionConfigurationPlatforms) = preSolution
		Debug|Any CPU = Debug|Any CPU
		Release|Any CPU = Release|Any CPU
	EndGlobalSection
	GlobalSection(ProjectConfigurationPlatforms) = postSolution
		{FE5BEB85-6D1E-4ABC-8DA9-417FCBD46112}.Debug|Any CPU.ActiveCfg = Debug|Any CPU
		{FE5BEB85-6D1E-4ABC-8DA9-417FCBD46112}.Debug|Any CPU.Build.0 = Debug|Any CPU
		{FE5BEB85-6D1E-4ABC-8DA9-417FCBD46112}.Release|Any CPU.ActiveCfg = Release|Any CPU
		{FE5BEB85-6D1E-4ABC-8DA9-417FCBD46112}.Release|Any CPU.Build.0 = Release|Any CPU
	EndGlobalSection
	GlobalSection(SolutionProperties) = preSolution
		HideSolutionNode = FALSE
	EndGlobalSection
	GlobalSection(ExtensibilityGlobals) = postSolution
		SolutionGuid = {BF078EAE-E8D6-492A-9A00-F7A31E127195}
	EndGlobalSection
EndGlobal
